
Microsoft Visual Studio Solution File, Format Version 12.00
Project("{FAE04EC0-301F-11D3-BF4B-00C04F79EFBC}") = "Ekzamen", "Ekzamen\Ekzamen.csproj", "{1643C227-AB6C-4725-B7FB-A0E64C70C9F2}"
EndProject
Global
	GlobalSection(SolutionConfigurationPlatforms) = preSolution
		Debug|Any CPU = Debug|Any CPU
		Release|Any CPU = Release|Any CPU
	EndGlobalSection
	GlobalSection(ProjectConfigurationPlatforms) = postSolution
		{1643C227-AB6C-4725-B7FB-A0E64C70C9F2}.Debug|Any CPU.ActiveCfg = Debug|Any CPU
		{1643C227-AB6C-4725-B7FB-A0E64C70C9F2}.Debug|Any CPU.Build.0 = Debug|Any CPU
		{1643C227-AB6C-4725-B7FB-A0E64C70C9F2}.Release|Any CPU.ActiveCfg = Release|Any CPU
		{1643C227-AB6C-4725-B7FB-A0E64C70C9F2}.Release|Any CPU.Build.0 = Release|Any CPU
	EndGlobalSection
EndGlobal
